
Microsoft Visual Studio Solution File, Format Version 12.00
# Visual Studio Version 16
VisualStudioVersion = 16.0.32126.315
MinimumVisualStudioVersion = 10.0.40219.1
Project("{2150E333-8FDC-42A3-9474-1A3956D46DE8}") = "Project", "Project", "{0F13DFBA-F400-4A20-8D51-11DE10C58B8B}"
EndProject
Project("{2150E333-8FDC-42A3-9474-1A3956D46DE8}") = "Foundation", "Foundation", "{8EA42F7C-2F75-4870-8219-C868B80D531D}"
EndProject
Project("{2150E333-8FDC-42A3-9474-1A3956D46DE8}") = "Feature", "Feature", "{B4962097-83CB-40EE-A03C-83D05681D728}"
EndProject
Project("{2150E333-8FDC-42A3-9474-1A3956D46DE8}") = "Cts", "Cts", "{6F949F67-8F44-4020-8302-9AFAAB3BA814}"
EndProject
Project("{FAE04EC0-301F-11D3-BF4B-00C04F79EFBC}") = "Cts.Project.Cts", "src\Project\Cts\Website\Cts.Project.Cts.csproj", "{0606CD16-241B-422E-A06A-0894E03A151B}"
EndProject
Project("{2150E333-8FDC-42A3-9474-1A3956D46DE8}") = "Serialization", "Serialization", "{19F40589-D755-4D4A-9CF2-B7F039760255}"
EndProject
Project("{FAE04EC0-301F-11D3-BF4B-00C04F79EFBC}") = "Cts.Foundation.Serialization", "src\Foundation\Serialization\Website\Cts.Foundation.Serialization.csproj", "{C344FCE3-C031-45C7-BCAF-2C3749463A71}"
EndProject
Project("{FAE04EC0-301F-11D3-BF4B-00C04F79EFBC}") = "Cts.Feature.Common", "src\Feature\Common\Website\Cts.Feature.Common.csproj", "{87AB0CB2-D6F2-4634-B3A3-D8AE47D7642F}"
EndProject
Project("{2150E333-8FDC-42A3-9474-1A3956D46DE8}") = "Search", "Search", "{3E1D3F96-5F52-4435-B422-5A2A400B8CF2}"
EndProject
Project("{FAE04EC0-301F-11D3-BF4B-00C04F79EFBC}") = "Cts.Feature.Search", "src\Feature\Search\Website\Cts.Feature.Search.csproj", "{F281A543-EA28-4C59-AA1A-4123CAF6AB11}"
EndProject
Project("{2150E333-8FDC-42A3-9474-1A3956D46DE8}") = "Search", "Search", "{07A367AB-5F21-4550-8003-EF46A5A22DCA}"
EndProject
Project("{FAE04EC0-301F-11D3-BF4B-00C04F79EFBC}") = "Cts.Foundation.Search", "src\Foundation\Search\Website\Cts.Foundation.Search.csproj", "{2A5BC605-283F-42A9-921E-AA4DE7A66E8D}"
EndProject
Project("{2150E333-8FDC-42A3-9474-1A3956D46DE8}") = "Contacts", "Contacts", "{155BE707-CB33-4949-B228-86515F8986FD}"
EndProject
Project("{FAE04EC0-301F-11D3-BF4B-00C04F79EFBC}") = "Cts.Feature.Contacts", "src\Feature\Contacts\xConnect\Cts.Feature.Contacts.csproj", "{B1C9A973-DFEB-430C-9739-2D3FE7DBBC84}"
EndProject
Global
	GlobalSection(SolutionConfigurationPlatforms) = preSolution
		Debug|Any CPU = Debug|Any CPU
		Release|Any CPU = Release|Any CPU
	EndGlobalSection
	GlobalSection(ProjectConfigurationPlatforms) = postSolution
		{0606CD16-241B-422E-A06A-0894E03A151B}.Debug|Any CPU.ActiveCfg = Debug|Any CPU
		{0606CD16-241B-422E-A06A-0894E03A151B}.Debug|Any CPU.Build.0 = Debug|Any CPU
		{0606CD16-241B-422E-A06A-0894E03A151B}.Release|Any CPU.ActiveCfg = Release|Any CPU
		{0606CD16-241B-422E-A06A-0894E03A151B}.Release|Any CPU.Build.0 = Release|Any CPU
		{C344FCE3-C031-45C7-BCAF-2C3749463A71}.Debug|Any CPU.ActiveCfg = Debug|Any CPU
		{C344FCE3-C031-45C7-BCAF-2C3749463A71}.Debug|Any CPU.Build.0 = Debug|Any CPU
		{C344FCE3-C031-45C7-BCAF-2C3749463A71}.Release|Any CPU.ActiveCfg = Release|Any CPU
		{C344FCE3-C031-45C7-BCAF-2C3749463A71}.Release|Any CPU.Build.0 = Release|Any CPU
		{87AB0CB2-D6F2-4634-B3A3-D8AE47D7642F}.Debug|Any CPU.ActiveCfg = Debug|Any CPU
		{87AB0CB2-D6F2-4634-B3A3-D8AE47D7642F}.Debug|Any CPU.Build.0 = Debug|Any CPU
		{87AB0CB2-D6F2-4634-B3A3-D8AE47D7642F}.Release|Any CPU.ActiveCfg = Release|Any CPU
		{87AB0CB2-D6F2-4634-B3A3-D8AE47D7642F}.Release|Any CPU.Build.0 = Release|Any CPU
		{F281A543-EA28-4C59-AA1A-4123CAF6AB11}.Debug|Any CPU.ActiveCfg = Debug|Any CPU
		{F281A543-EA28-4C59-AA1A-4123CAF6AB11}.Debug|Any CPU.Build.0 = Debug|Any CPU
		{F281A543-EA28-4C59-AA1A-4123CAF6AB11}.Release|Any CPU.ActiveCfg = Release|Any CPU
		{F281A543-EA28-4C59-AA1A-4123CAF6AB11}.Release|Any CPU.Build.0 = Release|Any CPU
		{2A5BC605-283F-42A9-921E-AA4DE7A66E8D}.Debug|Any CPU.ActiveCfg = Debug|Any CPU
		{2A5BC605-283F-42A9-921E-AA4DE7A66E8D}.Debug|Any CPU.Build.0 = Debug|Any CPU
		{2A5BC605-283F-42A9-921E-AA4DE7A66E8D}.Release|Any CPU.ActiveCfg = Release|Any CPU
		{2A5BC605-283F-42A9-921E-AA4DE7A66E8D}.Release|Any CPU.Build.0 = Release|Any CPU
		{B1C9A973-DFEB-430C-9739-2D3FE7DBBC84}.Debug|Any CPU.ActiveCfg = Debug|Any CPU
		{B1C9A973-DFEB-430C-9739-2D3FE7DBBC84}.Debug|Any CPU.Build.0 = Debug|Any CPU
		{B1C9A973-DFEB-430C-9739-2D3FE7DBBC84}.Release|Any CPU.ActiveCfg = Release|Any CPU
		{B1C9A973-DFEB-430C-9739-2D3FE7DBBC84}.Release|Any CPU.Build.0 = Release|Any CPU
	EndGlobalSection
	GlobalSection(SolutionProperties) = preSolution
		HideSolutionNode = FALSE
	EndGlobalSection
	GlobalSection(NestedProjects) = preSolution
		{6F949F67-8F44-4020-8302-9AFAAB3BA814} = {0F13DFBA-F400-4A20-8D51-11DE10C58B8B}
		{0606CD16-241B-422E-A06A-0894E03A151B} = {6F949F67-8F44-4020-8302-9AFAAB3BA814}
		{19F40589-D755-4D4A-9CF2-B7F039760255} = {8EA42F7C-2F75-4870-8219-C868B80D531D}
		{C344FCE3-C031-45C7-BCAF-2C3749463A71} = {19F40589-D755-4D4A-9CF2-B7F039760255}
		{87AB0CB2-D6F2-4634-B3A3-D8AE47D7642F} = {B4962097-83CB-40EE-A03C-83D05681D728}
		{3E1D3F96-5F52-4435-B422-5A2A400B8CF2} = {B4962097-83CB-40EE-A03C-83D05681D728}
		{F281A543-EA28-4C59-AA1A-4123CAF6AB11} = {3E1D3F96-5F52-4435-B422-5A2A400B8CF2}
		{07A367AB-5F21-4550-8003-EF46A5A22DCA} = {8EA42F7C-2F75-4870-8219-C868B80D531D}
		{2A5BC605-283F-42A9-921E-AA4DE7A66E8D} = {07A367AB-5F21-4550-8003-EF46A5A22DCA}
		{155BE707-CB33-4949-B228-86515F8986FD} = {B4962097-83CB-40EE-A03C-83D05681D728}
		{B1C9A973-DFEB-430C-9739-2D3FE7DBBC84} = {155BE707-CB33-4949-B228-86515F8986FD}
	EndGlobalSection
	GlobalSection(ExtensibilityGlobals) = postSolution
		EnterpriseLibraryConfigurationToolBinariesPathV6 = packages\EnterpriseLibrary.Common.6.0.1304.0\lib\NET45;packages\EnterpriseLibrary.TransientFaultHandling.6.0.1304.0\lib\portable-net45+win+wp8;packages\EnterpriseLibrary.TransientFaultHandling.Caching.6.0.1304.0\lib\NET45;packages\EnterpriseLibrary.TransientFaultHandling.Data.6.0.1304.1\lib\NET45;packages\EnterpriseLibrary.TransientFaultHandling.ServiceBus.6.0.1304.0\lib\NET45;packages\EnterpriseLibrary.TransientFaultHandling.WindowsAzure.Storage.6.0.1304.0\lib\NET45;packages\EnterpriseLibrary.TransientFaultHandling.Configuration.6.0.1304.0\lib\NET45
		SolutionGuid = {5ECAF76A-EEA3-4F99-B384-440B87333287}
	EndGlobalSection
EndGlobal
